// !$*UTF8*$!
{
	archiveVersion = 1;
	classes = {
	};
	objectVersion = 50;
	objects = {

/* Begin PBXBuildFile section */
		3C100F1821F7880E008861C9 /* AppDelegate.swift in Sources */ = {isa = PBXBuildFile; fileRef = 3C100F1721F7880E008861C9 /* AppDelegate.swift */; };
		3C100F1A21F7880E008861C9 /* ViewController.swift in Sources */ = {isa = PBXBuildFile; fileRef = 3C100F1921F7880E008861C9 /* ViewController.swift */; };
		3C100F1D21F7880E008861C9 /* Main.storyboard in Resources */ = {isa = PBXBuildFile; fileRef = 3C100F1B21F7880E008861C9 /* Main.storyboard */; };
		3C100F1F21F7880F008861C9 /* Assets.xcassets in Resources */ = {isa = PBXBuildFile; fileRef = 3C100F1E21F7880F008861C9 /* Assets.xcassets */; };
		3C100F2221F7880F008861C9 /* LaunchScreen.storyboard in Resources */ = {isa = PBXBuildFile; fileRef = 3C100F2021F7880F008861C9 /* LaunchScreen.storyboard */; };
		3C100F2C21F788CF008861C9 /* DGMenuTableViewController.swift in Sources */ = {isa = PBXBuildFile; fileRef = 3C100F2A21F788CF008861C9 /* DGMenuTableViewController.swift */; };
		3C100F2D21F788CF008861C9 /* DGMenuTableViewController.xib in Resources */ = {isa = PBXBuildFile; fileRef = 3C100F2B21F788CF008861C9 /* DGMenuTableViewController.xib */; };
		3C100F3521F78B38008861C9 /* DGUsuarioMenuTableViewCell.swift in Sources */ = {isa = PBXBuildFile; fileRef = 3C100F3321F78B38008861C9 /* DGUsuarioMenuTableViewCell.swift */; };
		3C100F3621F78B38008861C9 /* DGUsuarioMenuTableViewCell.xib in Resources */ = {isa = PBXBuildFile; fileRef = 3C100F3421F78B38008861C9 /* DGUsuarioMenuTableViewCell.xib */; };
		3C100F3A21F79F96008861C9 /* DGBannerMenuTableViewCell.swift in Sources */ = {isa = PBXBuildFile; fileRef = 3C100F3821F79F96008861C9 /* DGBannerMenuTableViewCell.swift */; };
		3C100F3B21F79F96008861C9 /* DGBannerMenuTableViewCell.xib in Resources */ = {isa = PBXBuildFile; fileRef = 3C100F3921F79F96008861C9 /* DGBannerMenuTableViewCell.xib */; };
		3C100F3F21F7A162008861C9 /* DGBannerCollectionViewCell.swift in Sources */ = {isa = PBXBuildFile; fileRef = 3C100F3D21F7A162008861C9 /* DGBannerCollectionViewCell.swift */; };
		3C100F4021F7A162008861C9 /* DGBannerCollectionViewCell.xib in Resources */ = {isa = PBXBuildFile; fileRef = 3C100F3E21F7A162008861C9 /* DGBannerCollectionViewCell.xib */; };
		3C100F4321F7C8FF008861C9 /* SeraViewController.swift in Sources */ = {isa = PBXBuildFile; fileRef = 3C100F4121F7C8FF008861C9 /* SeraViewController.swift */; };
		3C100F4521F7E391008861C9 /* SeraViewController.xib in Resources */ = {isa = PBXBuildFile; fileRef = 3C100F4221F7C8FF008861C9 /* SeraViewController.xib */; };
/* End PBXBuildFile section */

/* Begin PBXFileReference section */
		3C100F1421F7880E008861C9 /* MenuCollectionInTableViewCell.app */ = {isa = PBXFileReference; explicitFileType = wrapper.application; includeInIndex = 0; path = MenuCollectionInTableViewCell.app; sourceTree = BUILT_PRODUCTS_DIR; };
		3C100F1721F7880E008861C9 /* AppDelegate.swift */ = {isa = PBXFileReference; lastKnownFileType = sourcecode.swift; path = AppDelegate.swift; sourceTree = "<group>"; };
		3C100F1921F7880E008861C9 /* ViewController.swift */ = {isa = PBXFileReference; lastKnownFileType = sourcecode.swift; path = ViewController.swift; sourceTree = "<group>"; };
		3C100F1C21F7880E008861C9 /* Base */ = {isa = PBXFileReference; lastKnownFileType = file.storyboard; name = Base; path = Base.lproj/Main.storyboard; sourceTree = "<group>"; };
		3C100F1E21F7880F008861C9 /* Assets.xcassets */ = {isa = PBXFileReference; lastKnownFileType = folder.assetcatalog; path = Assets.xcassets; sourceTree = "<group>"; };
		3C100F2121F7880F008861C9 /* Base */ = {isa = PBXFileReference; lastKnownFileType = file.storyboard; name = Base; path = Base.lproj/LaunchScreen.storyboard; sourceTree = "<group>"; };
		3C100F2321F7880F008861C9 /* Info.plist */ = {isa = PBXFileReference; lastKnownFileType = text.plist.xml; path = Info.plist; sourceTree = "<group>"; };
		3C100F2A21F788CF008861C9 /* DGMenuTableViewController.swift */ = {isa = PBXFileReference; lastKnownFileType = sourcecode.swift; path = DGMenuTableViewController.swift; sourceTree = "<group>"; };
		3C100F2B21F788CF008861C9 /* DGMenuTableViewController.xib */ = {isa = PBXFileReference; lastKnownFileType = file.xib; path = DGMenuTableViewController.xib; sourceTree = "<group>"; };
		3C100F3321F78B38008861C9 /* DGUsuarioMenuTableViewCell.swift */ = {isa = PBXFileReference; lastKnownFileType = sourcecode.swift; path = DGUsuarioMenuTableViewCell.swift; sourceTree = "<group>"; };
		3C100F3421F78B38008861C9 /* DGUsuarioMenuTableViewCell.xib */ = {isa = PBXFileReference; lastKnownFileType = file.xib; path = DGUsuarioMenuTableViewCell.xib; sourceTree = "<group>"; };
		3C100F3821F79F96008861C9 /* DGBannerMenuTableViewCell.swift */ = {isa = PBXFileReference; lastKnownFileType = sourcecode.swift; path = DGBannerMenuTableViewCell.swift; sourceTree = "<group>"; };
		3C100F3921F79F96008861C9 /* DGBannerMenuTableViewCell.xib */ = {isa = PBXFileReference; lastKnownFileType = file.xib; path = DGBannerMenuTableViewCell.xib; sourceTree = "<group>"; };
		3C100F3D21F7A162008861C9 /* DGBannerCollectionViewCell.swift */ = {isa = PBXFileReference; lastKnownFileType = sourcecode.swift; path = DGBannerCollectionViewCell.swift; sourceTree = "<group>"; };
		3C100F3E21F7A162008861C9 /* DGBannerCollectionViewCell.xib */ = {isa = PBXFileReference; lastKnownFileType = file.xib; path = DGBannerCollectionViewCell.xib; sourceTree = "<group>"; };
		3C100F4121F7C8FF008861C9 /* SeraViewController.swift */ = {isa = PBXFileReference; lastKnownFileType = sourcecode.swift; path = SeraViewController.swift; sourceTree = "<group>"; };
		3C100F4221F7C8FF008861C9 /* SeraViewController.xib */ = {isa = PBXFileReference; lastKnownFileType = file.xib; path = SeraViewController.xib; sourceTree = "<group>"; };
/* End PBXFileReference section */

/* Begin PBXFrameworksBuildPhase section */
		3C100F1121F7880E008861C9 /* Frameworks */ = {
			isa = PBXFrameworksBuildPhase;
			buildActionMask = 2147483647;
			files = (
			);
			runOnlyForDeploymentPostprocessing = 0;
		};
/* End PBXFrameworksBuildPhase section */

/* Begin PBXGroup section */
		3C100F0B21F7880E008861C9 = {
			isa = PBXGroup;
			children = (
				3C100F1621F7880E008861C9 /* MenuCollectionInTableViewCell */,
				3C100F1521F7880E008861C9 /* Products */,
			);
			sourceTree = "<group>";
		};
		3C100F1521F7880E008861C9 /* Products */ = {
			isa = PBXGroup;
			children = (
				3C100F1421F7880E008861C9 /* MenuCollectionInTableViewCell.app */,
			);
			name = Products;
			sourceTree = "<group>";
		};
		3C100F1621F7880E008861C9 /* MenuCollectionInTableViewCell */ = {
			isa = PBXGroup;
			children = (
				3C100F2921F78853008861C9 /* DGMenuTableView */,
				3C100F1721F7880E008861C9 /* AppDelegate.swift */,
				3C100F1921F7880E008861C9 /* ViewController.swift */,
				3C100F1B21F7880E008861C9 /* Main.storyboard */,
				3C100F1E21F7880F008861C9 /* Assets.xcassets */,
				3C100F2021F7880F008861C9 /* LaunchScreen.storyboard */,
				3C100F2321F7880F008861C9 /* Info.plist */,
				3C100F4121F7C8FF008861C9 /* SeraViewController.swift */,
				3C100F4221F7C8FF008861C9 /* SeraViewController.xib */,
			);
			path = MenuCollectionInTableViewCell;
			sourceTree = "<group>";
		};
		3C100F2921F78853008861C9 /* DGMenuTableView */ = {
			isa = PBXGroup;
			children = (
				3C100F3721F79F6C008861C9 /* DGBannerMenuTableViewCell */,
				3C100F2A21F788CF008861C9 /* DGMenuTableViewController.swift */,
				3C100F2B21F788CF008861C9 /* DGMenuTableViewController.xib */,
			);
			path = DGMenuTableView;
			sourceTree = "<group>";
		};
		3C100F2E21F788F1008861C9 /* DGUsuarioMenuTableViewCell */ = {
			isa = PBXGroup;
			children = (
				3C100F3321F78B38008861C9 /* DGUsuarioMenuTableViewCell.swift */,
				3C100F3421F78B38008861C9 /* DGUsuarioMenuTableViewCell.xib */,
			);
			path = DGUsuarioMenuTableViewCell;
			sourceTree = "<group>";
		};
		3C100F3721F79F6C008861C9 /* DGBannerMenuTableViewCell */ = {
			isa = PBXGroup;
			children = (
				3C100F2E21F788F1008861C9 /* DGUsuarioMenuTableViewCell */,
				3C100F3C21F7A141008861C9 /* DGBannerCollectionCell */,
				3C100F3821F79F96008861C9 /* DGBannerMenuTableViewCell.swift */,
				3C100F3921F79F96008861C9 /* DGBannerMenuTableViewCell.xib */,
			);
			path = DGBannerMenuTableViewCell;
			sourceTree = "<group>";
		};
		3C100F3C21F7A141008861C9 /* DGBannerCollectionCell */ = {
			isa = PBXGroup;
			children = (
				3C100F3D21F7A162008861C9 /* DGBannerCollectionViewCell.swift */,
				3C100F3E21F7A162008861C9 /* DGBannerCollectionViewCell.xib */,
			);
			path = DGBannerCollectionCell;
			sourceTree = "<group>";
		};
/* End PBXGroup section */

/* Begin PBXNativeTarget section */
		3C100F1321F7880E008861C9 /* MenuCollectionInTableViewCell */ = {
			isa = PBXNativeTarget;
			buildConfigurationList = 3C100F2621F7880F008861C9 /* Build configuration list for PBXNativeTarget "MenuCollectionInTableViewCell" */;
			buildPhases = (
				3C100F1021F7880E008861C9 /* Sources */,
				3C100F1121F7880E008861C9 /* Frameworks */,
				3C100F1221F7880E008861C9 /* Resources */,
			);
			buildRules = (
			);
			dependencies = (
			);
			name = MenuCollectionInTableViewCell;
			productName = MenuCollectionInTableViewCell;
			productReference = 3C100F1421F7880E008861C9 /* MenuCollectionInTableViewCell.app */;
			productType = "com.apple.product-type.application";
		};
/* End PBXNativeTarget section */

/* Begin PBXProject section */
		3C100F0C21F7880E008861C9 /* Project object */ = {
			isa = PBXProject;
			attributes = {
				LastSwiftUpdateCheck = 1010;
				LastUpgradeCheck = 1010;
				ORGANIZATIONNAME = gonet;
				TargetAttributes = {
					3C100F1321F7880E008861C9 = {
						CreatedOnToolsVersion = 10.1;
					};
				};
			};
			buildConfigurationList = 3C100F0F21F7880E008861C9 /* Build configuration list for PBXProject "MenuCollectionInTableViewCell" */;
			compatibilityVersion = "Xcode 9.3";
			developmentRegion = en;
			hasScannedForEncodings = 0;
			knownRegions = (
				en,
				Base,
			);
			mainGroup = 3C100F0B21F7880E008861C9;
			productRefGroup = 3C100F1521F7880E008861C9 /* Products */;
			projectDirPath = "";
			projectRoot = "";
			targets = (
				3C100F1321F7880E008861C9 /* MenuCollectionInTableViewCell */,
			);
		};
/* End PBXProject section */

/* Begin PBXResourcesBuildPhase section */
		3C100F1221F7880E008861C9 /* Resources */ = {
			isa = PBXResourcesBuildPhase;
			buildActionMask = 2147483647;
			files = (
				3C100F4521F7E391008861C9 /* SeraViewController.xib in Resources */,
				3C100F2221F7880F008861C9 /* LaunchScreen.storyboard in Resources */,
				3C100F2D21F788CF008861C9 /* DGMenuTableViewController.xib in Resources */,
				3C100F1F21F7880F008861C9 /* Assets.xcassets in Resources */,
				3C100F3B21F79F96008861C9 /* DGBannerMenuTableViewCell.xib in Resources */,
				3C100F1D21F7880E008861C9 /* Main.storyboard in Resources */,
				3C100F3621F78B38008861C9 /* DGUsuarioMenuTableViewCell.xib in Resources */,
				3C100F4021F7A162008861C9 /* DGBannerCollectionViewCell.xib in Resources */,
			);
			runOnlyForDeploymentPostprocessing = 0;
		};
/* End PBXResourcesBuildPhase section */

/* Begin PBXSourcesBuildPhase section */
		3C100F1021F7880E008861C9 /* Sources */ = {
			isa = PBXSourcesBuildPhase;
			buildActionMask = 2147483647;
			files = (
				3C100F4321F7C8FF008861C9 /* SeraViewController.swift in Sources */,
				3C100F3F21F7A162008861C9 /* DGBannerCollectionViewCell.swift in Sources */,
				3C100F3521F78B38008861C9 /* DGUsuarioMenuTableViewCell.swift in Sources */,
				3C100F2C21F788CF008861C9 /* DGMenuTableViewController.swift in Sources */,
				3C100F1A21F7880E008861C9 /* ViewController.swift in Sources */,
				3C100F3A21F79F96008861C9 /* DGBannerMenuTableViewCell.swift in Sources */,
				3C100F1821F7880E008861C9 /* AppDelegate.swift in Sources */,
			);
			runOnlyForDeploymentPostprocessing = 0;
		};
/* End PBXSourcesBuildPhase section */

/* Begin PBXVariantGroup section */
		3C100F1B21F7880E008861C9 /* Main.storyboard */ = {
			isa = PBXVariantGroup;
			children = (
				3C100F1C21F7880E008861C9 /* Base */,
			);
			name = Main.storyboard;
			sourceTree = "<group>";
		};
		3C100F2021F7880F008861C9 /* LaunchScreen.storyboard */ = {
			isa = PBXVariantGroup;
			children = (
				3C100F2121F7880F008861C9 /* Base */,
			);
			name = LaunchScreen.storyboard;
			sourceTree = "<group>";
		};
/* End PBXVariantGroup section */

/* Begin XCBuildConfiguration section */
		3C100F2421F7880F008861C9 /* Debug */ = {
			isa = XCBuildConfiguration;
			buildSettings = {
				ALWAYS_SEARCH_USER_PATHS = NO;
				CLANG_ANALYZER_NONNULL = YES;
				CLANG_ANALYZER_NUMBER_OBJECT_CONVERSION = YES_AGGRESSIVE;
				CLANG_CXX_LANGUAGE_STANDARD = "gnu++14";
				CLANG_CXX_LIBRARY = "libc++";
				CLANG_ENABLE_MODULES = YES;
				CLANG_ENABLE_OBJC_ARC = YES;
				CLANG_ENABLE_OBJC_WEAK = YES;
				CLANG_WARN_BLOCK_CAPTURE_AUTORELEASING = YES;
				CLANG_WARN_BOOL_CONVERSION = YES;
				CLANG_WARN_COMMA = YES;
				CLANG_WARN_CONSTANT_CONVERSION = YES;
				CLANG_WARN_DEPRECATED_OBJC_IMPLEMENTATIONS = YES;
				CLANG_WARN_DIRECT_OBJC_ISA_USAGE = YES_ERROR;
				CLANG_WARN_DOCUMENTATION_COMMENTS = YES;
				CLANG_WARN_EMPTY_BODY = YES;
				CLANG_WARN_ENUM_CONVERSION = YES;
				CLANG_WARN_INFINITE_RECURSION = YES;
				CLANG_WARN_INT_CONVERSION = YES;
				CLANG_WARN_NON_LITERAL_NULL_CONVERSION = YES;
				CLANG_WARN_OBJC_IMPLICIT_RETAIN_SELF = YES;
				CLANG_WARN_OBJC_LITERAL_CONVERSION = YES;
				CLANG_WARN_OBJC_ROOT_CLASS = YES_ERROR;
				CLANG_WARN_RANGE_LOOP_ANALYSIS = YES;
				CLANG_WARN_STRICT_PROTOTYPES = YES;
				CLANG_WARN_SUSPICIOUS_MOVE = YES;
				CLANG_WARN_UNGUARDED_AVAILABILITY = YES_AGGRESSIVE;
				CLANG_WARN_UNREACHABLE_CODE = YES;
				CLANG_WARN__DUPLICATE_METHOD_MATCH = YES;
				CODE_SIGN_IDENTITY = "iPhone Developer";
				COPY_PHASE_STRIP = NO;
				DEBUG_INFORMATION_FORMAT = dwarf;
				ENABLE_STRICT_OBJC_MSGSEND = YES;
				ENABLE_TESTABILITY = YES;
				GCC_C_LANGUAGE_STANDARD = gnu11;
				GCC_DYNAMIC_NO_PIC = NO;
				GCC_NO_COMMON_BLOCKS = YES;
				GCC_OPTIMIZATION_LEVEL = 0;
				GCC_PREPROCESSOR_DEFINITIONS = (
					"DEBUG=1",
					"$(inherited)",
				);
				GCC_WARN_64_TO_32_BIT_CONVERSION = YES;
				GCC_WARN_ABOUT_RETURN_TYPE = YES_ERROR;
				GCC_WARN_UNDECLARED_SELECTOR = YES;
				GCC_WARN_UNINITIALIZED_AUTOS = YES_AGGRESSIVE;
				GCC_WARN_UNUSED_FUNCTION = YES;
				GCC_WARN_UNUSED_VARIABLE = YES;
				IPHONEOS_DEPLOYMENT_TARGET = 12.1;
				MTL_ENABLE_DEBUG_INFO = INCLUDE_SOURCE;
				MTL_FAST_MATH = YES;
				ONLY_ACTIVE_ARCH = YES;
				SDKROOT = iphoneos;
				SWIFT_ACTIVE_COMPILATION_CONDITIONS = DEBUG;
				SWIFT_OPTIMIZATION_LEVEL = "-Onone";
			};
			name = Debug;
		};
		3C100F2521F7880F008861C9 /* Release */ = {
			isa = XCBuildConfiguration;
			buildSettings = {
				ALWAYS_SEARCH_USER_PATHS = NO;
				CLANG_ANALYZER_NONNULL = YES;
				CLANG_ANALYZER_NUMBER_OBJECT_CONVERSION = YES_AGGRESSIVE;
				CLANG_CXX_LANGUAGE_STANDARD = "gnu++14";
				CLANG_CXX_LIBRARY = "libc++";
				CLANG_ENABLE_MODULES = YES;
				CLANG_ENABLE_OBJC_ARC = YES;
				CLANG_ENABLE_OBJC_WEAK = YES;
				CLANG_WARN_BLOCK_CAPTURE_AUTORELEASING = YES;
				CLANG_WARN_BOOL_CONVERSION = YES;
				CLANG_WARN_COMMA = YES;
				CLANG_WARN_CONSTANT_CONVERSION = YES;
				CLANG_WARN_DEPRECATED_OBJC_IMPLEMENTATIONS = YES;
				CLANG_WARN_DIRECT_OBJC_ISA_USAGE = YES_ERROR;
				CLANG_WARN_DOCUMENTATION_COMMENTS = YES;
				CLANG_WARN_EMPTY_BODY = YES;
				CLANG_WARN_ENUM_CONVERSION = YES;
				CLANG_WARN_INFINITE_RECURSION = YES;
				CLANG_WARN_INT_CONVERSION = YES;
				CLANG_WARN_NON_LITERAL_NULL_CONVERSION = YES;
				CLANG_WARN_OBJC_IMPLICIT_RETAIN_SELF = YES;
				CLANG_WARN_OBJC_LITERAL_CONVERSION = YES;
				CLANG_WARN_OBJC_ROOT_CLASS = YES_ERROR;
				CLANG_WARN_RANGE_LOOP_ANALYSIS = YES;
				CLANG_WARN_STRICT_PROTOTYPES = YES;
				CLANG_WARN_SUSPICIOUS_MOVE = YES;
				CLANG_WARN_UNGUARDED_AVAILABILITY = YES_AGGRESSIVE;
				CLANG_WARN_UNREACHABLE_CODE = YES;
				CLANG_WARN__DUPLICATE_METHOD_MATCH = YES;
				CODE_SIGN_IDENTITY = "iPhone Developer";
				COPY_PHASE_STRIP = NO;
				DEBUG_INFORMATION_FORMAT = "dwarf-with-dsym";
				ENABLE_NS_ASSERTIONS = NO;
				ENABLE_STRICT_OBJC_MSGSEND = YES;
				GCC_C_LANGUAGE_STANDARD = gnu11;
				GCC_NO_COMMON_BLOCKS = YES;
				GCC_WARN_64_TO_32_BIT_CONVERSION = YES;
				GCC_WARN_ABOUT_RETURN_TYPE = YES_ERROR;
				GCC_WARN_UNDECLARED_SELECTOR = YES;
				GCC_WARN_UNINITIALIZED_AUTOS = YES_AGGRESSIVE;
				GCC_WARN_UNUSED_FUNCTION = YES;
				GCC_WARN_UNUSED_VARIABLE = YES;
				IPHONEOS_DEPLOYMENT_TARGET = 12.1;
				MTL_ENABLE_DEBUG_INFO = NO;
				MTL_FAST_MATH = YES;
				SDKROOT = iphoneos;
				SWIFT_COMPILATION_MODE = wholemodule;
				SWIFT_OPTIMIZATION_LEVEL = "-O";
				VALIDATE_PRODUCT = YES;
			};
			name = Release;
		};
		3C100F2721F7880F008861C9 /* Debug */ = {
			isa = XCBuildConfiguration;
			buildSettings = {
				ASSETCATALOG_COMPILER_APPICON_NAME = AppIcon;
				CODE_SIGN_STYLE = Automatic;
				DEVELOPMENT_TEAM = 75NH8N5682;
				INFOPLIST_FILE = MenuCollectionInTableViewCell/Info.plist;
				LD_RUNPATH_SEARCH_PATHS = (
					"$(inherited)",
					"@executable_path/Frameworks",
				);
				PRODUCT_BUNDLE_IDENTIFIER = us.gonet.MenuCollectionInTableViewCell;
				PRODUCT_NAME = "$(TARGET_NAME)";
				SWIFT_VERSION = 4.2;
				TARGETED_DEVICE_FAMILY = "1,2";
			};
			name = Debug;
		};
		3C100F2821F7880F008861C9 /* Release */ = {
			isa = XCBuildConfiguration;
			buildSettings = {
				ASSETCATALOG_COMPILER_APPICON_NAME = AppIcon;
				CODE_SIGN_STYLE = Automatic;
				DEVELOPMENT_TEAM = 75NH8N5682;
				INFOPLIST_FILE = MenuCollectionInTableViewCell/Info.plist;
				LD_RUNPATH_SEARCH_PATHS = (
					"$(inherited)",
					"@executable_path/Frameworks",
				);
				PRODUCT_BUNDLE_IDENTIFIER = us.gonet.MenuCollectionInTableViewCell;
				PRODUCT_NAME = "$(TARGET_NAME)";
				SWIFT_VERSION = 4.2;
				TARGETED_DEVICE_FAMILY = "1,2";
			};
			name = Release;
		};
/* End XCBuildConfiguration section */

/* Begin XCConfigurationList section */
		3C100F0F21F7880E008861C9 /* Build configuration list for PBXProject "MenuCollectionInTableViewCell" */ = {
			isa = XCConfigurationList;
			buildConfigurations = (
				3C100F2421F7880F008861C9 /* Debug */,
				3C100F2521F7880F008861C9 /* Release */,
			);
			defaultConfigurationIsVisible = 0;
			defaultConfigurationName = Release;
		};
		3C100F2621F7880F008861C9 /* Build configuration list for PBXNativeTarget "MenuCollectionInTableViewCell" */ = {
			isa = XCConfigurationList;
			buildConfigurations = (
				3C100F2721F7880F008861C9 /* Debug */,
				3C100F2821F7880F008861C9 /* Release */,
			);
			defaultConfigurationIsVisible = 0;
			defaultConfigurationName = Release;
		};
/* End XCConfigurationList section */
	};
	rootObject = 3C100F0C21F7880E008861C9 /* Project object */;
}
